
Microsoft Visual Studio Solution File, Format Version 12.00
# Visual Studio Version 17
VisualStudioVersion = 17.5.33516.290
MinimumVisualStudioVersion = 10.0.40219.1
Project("{FAE04EC0-301F-11D3-BF4B-00C04F79EFBC}") = "GeneratorQR", "GeneratorQR\GeneratorQR.csproj", "{0A1B3D51-4251-4841-80C8-A7609A55A2AA}"
EndProject
Global
	GlobalSection(SolutionConfigurationPlatforms) = preSolution
		Debug|Any CPU = Debug|Any CPU
		Release|Any CPU = Release|Any CPU
	EndGlobalSection
	GlobalSection(ProjectConfigurationPlatforms) = postSolution
		{0A1B3D51-4251-4841-80C8-A7609A55A2AA}.Debug|Any CPU.ActiveCfg = Debug|Any CPU
		{0A1B3D51-4251-4841-80C8-A7609A55A2AA}.Debug|Any CPU.Build.0 = Debug|Any CPU
		{0A1B3D51-4251-4841-80C8-A7609A55A2AA}.Release|Any CPU.ActiveCfg = Release|Any CPU
		{0A1B3D51-4251-4841-80C8-A7609A55A2AA}.Release|Any CPU.Build.0 = Release|Any CPU
	EndGlobalSection
	GlobalSection(SolutionProperties) = preSolution
		HideSolutionNode = FALSE
	EndGlobalSection
	GlobalSection(ExtensibilityGlobals) = postSolution
		SolutionGuid = {0F6C4C8F-D07C-447A-934C-14AC3B561040}
	EndGlobalSection
EndGlobal
